
Microsoft Visual Studio Solution File, Format Version 12.00
# Visual Studio Version 17
VisualStudioVersion = 17.13.35828.75 d17.13
MinimumVisualStudioVersion = 10.0.40219.1
Project("{FAE04EC0-301F-11D3-BF4B-00C04F79EFBC}") = "2", "2\2.csproj", "{CDE999A7-B903-4990-BAA7-0D42841DDC44}"
EndProject
Global
	GlobalSection(SolutionConfigurationPlatforms) = preSolution
		Debug|Any CPU = Debug|Any CPU
		Release|Any CPU = Release|Any CPU
	EndGlobalSection
	GlobalSection(ProjectConfigurationPlatforms) = postSolution
		{CDE999A7-B903-4990-BAA7-0D42841DDC44}.Debug|Any CPU.ActiveCfg = Debug|Any CPU
		{CDE999A7-B903-4990-BAA7-0D42841DDC44}.Debug|Any CPU.Build.0 = Debug|Any CPU
		{CDE999A7-B903-4990-BAA7-0D42841DDC44}.Release|Any CPU.ActiveCfg = Release|Any CPU
		{CDE999A7-B903-4990-BAA7-0D42841DDC44}.Release|Any CPU.Build.0 = Release|Any CPU
	EndGlobalSection
	GlobalSection(SolutionProperties) = preSolution
		HideSolutionNode = FALSE
	EndGlobalSection
	GlobalSection(ExtensibilityGlobals) = postSolution
		SolutionGuid = {1B511970-6578-4767-86E9-A19536A7AECD}
	EndGlobalSection
EndGlobal
