
Microsoft Visual Studio Solution File, Format Version 12.00
# Visual Studio Version 17
VisualStudioVersion = 17.13.35828.75 d17.13
MinimumVisualStudioVersion = 10.0.40219.1
Project("{FAE04EC0-301F-11D3-BF4B-00C04F79EFBC}") = "4T", "4T\4T.csproj", "{943A40B5-1DD4-4E0D-8242-DD01CD999451}"
EndProject
Project("{FAE04EC0-301F-11D3-BF4B-00C04F79EFBC}") = "music", "music\music.csproj", "{60A4B362-E038-4AEE-830C-15C305747802}"
EndProject
Project("{FAE04EC0-301F-11D3-BF4B-00C04F79EFBC}") = "song", "song\song.csproj", "{5AEEB0E8-D544-4741-9A33-7A09D283D196}"
EndProject
Project("{FAE04EC0-301F-11D3-BF4B-00C04F79EFBC}") = "Catalog", "Catalog\Catalog.csproj", "{994A555B-C413-47BD-B78A-0BB91A9EBC7A}"
EndProject
Global
	GlobalSection(SolutionConfigurationPlatforms) = preSolution
		Debug|Any CPU = Debug|Any CPU
		Release|Any CPU = Release|Any CPU
	EndGlobalSection
	GlobalSection(ProjectConfigurationPlatforms) = postSolution
		{943A40B5-1DD4-4E0D-8242-DD01CD999451}.Debug|Any CPU.ActiveCfg = Debug|Any CPU
		{943A40B5-1DD4-4E0D-8242-DD01CD999451}.Debug|Any CPU.Build.0 = Debug|Any CPU
		{943A40B5-1DD4-4E0D-8242-DD01CD999451}.Release|Any CPU.ActiveCfg = Release|Any CPU
		{943A40B5-1DD4-4E0D-8242-DD01CD999451}.Release|Any CPU.Build.0 = Release|Any CPU
		{60A4B362-E038-4AEE-830C-15C305747802}.Debug|Any CPU.ActiveCfg = Debug|Any CPU
		{60A4B362-E038-4AEE-830C-15C305747802}.Debug|Any CPU.Build.0 = Debug|Any CPU
		{60A4B362-E038-4AEE-830C-15C305747802}.Release|Any CPU.ActiveCfg = Release|Any CPU
		{60A4B362-E038-4AEE-830C-15C305747802}.Release|Any CPU.Build.0 = Release|Any CPU
		{5AEEB0E8-D544-4741-9A33-7A09D283D196}.Debug|Any CPU.ActiveCfg = Debug|Any CPU
		{5AEEB0E8-D544-4741-9A33-7A09D283D196}.Debug|Any CPU.Build.0 = Debug|Any CPU
		{5AEEB0E8-D544-4741-9A33-7A09D283D196}.Release|Any CPU.ActiveCfg = Release|Any CPU
		{5AEEB0E8-D544-4741-9A33-7A09D283D196}.Release|Any CPU.Build.0 = Release|Any CPU
		{994A555B-C413-47BD-B78A-0BB91A9EBC7A}.Debug|Any CPU.ActiveCfg = Debug|Any CPU
		{994A555B-C413-47BD-B78A-0BB91A9EBC7A}.Debug|Any CPU.Build.0 = Debug|Any CPU
		{994A555B-C413-47BD-B78A-0BB91A9EBC7A}.Release|Any CPU.ActiveCfg = Release|Any CPU
		{994A555B-C413-47BD-B78A-0BB91A9EBC7A}.Release|Any CPU.Build.0 = Release|Any CPU
	EndGlobalSection
	GlobalSection(SolutionProperties) = preSolution
		HideSolutionNode = FALSE
	EndGlobalSection
	GlobalSection(ExtensibilityGlobals) = postSolution
		SolutionGuid = {A01E27E6-FEB2-4A5F-BB69-1E59D594DA08}
	EndGlobalSection
EndGlobal
