
Microsoft Visual Studio Solution File, Format Version 12.00
# Visual Studio Version 17
VisualStudioVersion = 17.13.35828.75 d17.13
MinimumVisualStudioVersion = 10.0.40219.1
Project("{FAE04EC0-301F-11D3-BF4B-00C04F79EFBC}") = "WinFormsApp4", "WinFormsApp4\WinFormsApp4.csproj", "{1CE366D9-7840-4E30-9034-778326510554}"
EndProject
Global
	GlobalSection(SolutionConfigurationPlatforms) = preSolution
		Debug|Any CPU = Debug|Any CPU
		Release|Any CPU = Release|Any CPU
	EndGlobalSection
	GlobalSection(ProjectConfigurationPlatforms) = postSolution
		{1CE366D9-7840-4E30-9034-778326510554}.Debug|Any CPU.ActiveCfg = Debug|Any CPU
		{1CE366D9-7840-4E30-9034-778326510554}.Debug|Any CPU.Build.0 = Debug|Any CPU
		{1CE366D9-7840-4E30-9034-778326510554}.Release|Any CPU.ActiveCfg = Release|Any CPU
		{1CE366D9-7840-4E30-9034-778326510554}.Release|Any CPU.Build.0 = Release|Any CPU
	EndGlobalSection
	GlobalSection(SolutionProperties) = preSolution
		HideSolutionNode = FALSE
	EndGlobalSection
	GlobalSection(ExtensibilityGlobals) = postSolution
		SolutionGuid = {4488135A-746A-40C8-ABD5-86FB31F589E4}
	EndGlobalSection
EndGlobal
