
Microsoft Visual Studio Solution File, Format Version 12.00
# Visual Studio Version 17
VisualStudioVersion = 17.13.35828.75 d17.13
MinimumVisualStudioVersion = 10.0.40219.1
Project("{FAE04EC0-301F-11D3-BF4B-00C04F79EFBC}") = "1", "1\1.csproj", "{65939761-8AEA-4612-B4E6-2C8BE6AE39D6}"
EndProject
Project("{FAE04EC0-301F-11D3-BF4B-00C04F79EFBC}") = "2", "2\2.csproj", "{EFD9ADA5-DB90-47B6-A932-C6BEE2F0765A}"
EndProject
Global
	GlobalSection(SolutionConfigurationPlatforms) = preSolution
		Debug|Any CPU = Debug|Any CPU
		Release|Any CPU = Release|Any CPU
	EndGlobalSection
	GlobalSection(ProjectConfigurationPlatforms) = postSolution
		{65939761-8AEA-4612-B4E6-2C8BE6AE39D6}.Debug|Any CPU.ActiveCfg = Debug|Any CPU
		{65939761-8AEA-4612-B4E6-2C8BE6AE39D6}.Debug|Any CPU.Build.0 = Debug|Any CPU
		{65939761-8AEA-4612-B4E6-2C8BE6AE39D6}.Release|Any CPU.ActiveCfg = Release|Any CPU
		{65939761-8AEA-4612-B4E6-2C8BE6AE39D6}.Release|Any CPU.Build.0 = Release|Any CPU
		{EFD9ADA5-DB90-47B6-A932-C6BEE2F0765A}.Debug|Any CPU.ActiveCfg = Debug|Any CPU
		{EFD9ADA5-DB90-47B6-A932-C6BEE2F0765A}.Debug|Any CPU.Build.0 = Debug|Any CPU
		{EFD9ADA5-DB90-47B6-A932-C6BEE2F0765A}.Release|Any CPU.ActiveCfg = Release|Any CPU
		{EFD9ADA5-DB90-47B6-A932-C6BEE2F0765A}.Release|Any CPU.Build.0 = Release|Any CPU
	EndGlobalSection
	GlobalSection(SolutionProperties) = preSolution
		HideSolutionNode = FALSE
	EndGlobalSection
	GlobalSection(ExtensibilityGlobals) = postSolution
		SolutionGuid = {236E7F10-0649-4999-90F1-81FCEE831F39}
	EndGlobalSection
EndGlobal
