
Microsoft Visual Studio Solution File, Format Version 12.00
# Visual Studio Version 17
VisualStudioVersion = 17.13.35828.75 d17.13
MinimumVisualStudioVersion = 10.0.40219.1
Project("{FAE04EC0-301F-11D3-BF4B-00C04F79EFBC}") = "1", "1\1.csproj", "{451522CC-5106-481F-A9A6-2238C6847C76}"
EndProject
Project("{FAE04EC0-301F-11D3-BF4B-00C04F79EFBC}") = "2", "2\2.csproj", "{14ABEA7C-2094-4B4C-A232-E1E0B61B0DA8}"
EndProject
Project("{FAE04EC0-301F-11D3-BF4B-00C04F79EFBC}") = "3", "3\3.csproj", "{067BF83B-670F-4F73-AC59-44AA811FE15E}"
EndProject
Global
	GlobalSection(SolutionConfigurationPlatforms) = preSolution
		Debug|Any CPU = Debug|Any CPU
		Release|Any CPU = Release|Any CPU
	EndGlobalSection
	GlobalSection(ProjectConfigurationPlatforms) = postSolution
		{451522CC-5106-481F-A9A6-2238C6847C76}.Debug|Any CPU.ActiveCfg = Debug|Any CPU
		{451522CC-5106-481F-A9A6-2238C6847C76}.Debug|Any CPU.Build.0 = Debug|Any CPU
		{451522CC-5106-481F-A9A6-2238C6847C76}.Release|Any CPU.ActiveCfg = Release|Any CPU
		{451522CC-5106-481F-A9A6-2238C6847C76}.Release|Any CPU.Build.0 = Release|Any CPU
		{14ABEA7C-2094-4B4C-A232-E1E0B61B0DA8}.Debug|Any CPU.ActiveCfg = Debug|Any CPU
		{14ABEA7C-2094-4B4C-A232-E1E0B61B0DA8}.Debug|Any CPU.Build.0 = Debug|Any CPU
		{14ABEA7C-2094-4B4C-A232-E1E0B61B0DA8}.Release|Any CPU.ActiveCfg = Release|Any CPU
		{14ABEA7C-2094-4B4C-A232-E1E0B61B0DA8}.Release|Any CPU.Build.0 = Release|Any CPU
		{067BF83B-670F-4F73-AC59-44AA811FE15E}.Debug|Any CPU.ActiveCfg = Debug|Any CPU
		{067BF83B-670F-4F73-AC59-44AA811FE15E}.Debug|Any CPU.Build.0 = Debug|Any CPU
		{067BF83B-670F-4F73-AC59-44AA811FE15E}.Release|Any CPU.ActiveCfg = Release|Any CPU
		{067BF83B-670F-4F73-AC59-44AA811FE15E}.Release|Any CPU.Build.0 = Release|Any CPU
	EndGlobalSection
	GlobalSection(SolutionProperties) = preSolution
		HideSolutionNode = FALSE
	EndGlobalSection
	GlobalSection(ExtensibilityGlobals) = postSolution
		SolutionGuid = {017C18E8-7B14-4156-8104-97F30F7F5F66}
	EndGlobalSection
EndGlobal
