
Microsoft Visual Studio Solution File, Format Version 12.00
# Visual Studio Version 17
VisualStudioVersion = 17.13.35828.75 d17.13
MinimumVisualStudioVersion = 10.0.40219.1
Project("{FAE04EC0-301F-11D3-BF4B-00C04F79EFBC}") = "WinFormsApp2", "WinFormsApp2\WinFormsApp2.csproj", "{6A638A35-E384-458D-82E5-9F125B6A2F7D}"
EndProject
Global
	GlobalSection(SolutionConfigurationPlatforms) = preSolution
		Debug|Any CPU = Debug|Any CPU
		Release|Any CPU = Release|Any CPU
	EndGlobalSection
	GlobalSection(ProjectConfigurationPlatforms) = postSolution
		{6A638A35-E384-458D-82E5-9F125B6A2F7D}.Debug|Any CPU.ActiveCfg = Debug|Any CPU
		{6A638A35-E384-458D-82E5-9F125B6A2F7D}.Debug|Any CPU.Build.0 = Debug|Any CPU
		{6A638A35-E384-458D-82E5-9F125B6A2F7D}.Release|Any CPU.ActiveCfg = Release|Any CPU
		{6A638A35-E384-458D-82E5-9F125B6A2F7D}.Release|Any CPU.Build.0 = Release|Any CPU
	EndGlobalSection
	GlobalSection(SolutionProperties) = preSolution
		HideSolutionNode = FALSE
	EndGlobalSection
	GlobalSection(ExtensibilityGlobals) = postSolution
		SolutionGuid = {5135A2F4-B34C-459C-A3F6-97DF54B73F8F}
	EndGlobalSection
EndGlobal
